
Microsoft Visual Studio Solution File, Format Version 12.00
# Visual Studio Version 17
VisualStudioVersion = 17.0.31919.166
MinimumVisualStudioVersion = 10.0.40219.1
Project("{FAE04EC0-301F-11D3-BF4B-00C04F79EFBC}") = "Nikolov_P_FinalProjectCS23", "Nikolov_P_FinalProjectCS23\Nikolov_P_FinalProjectCS23.csproj", "{8F1AE1BD-3C49-4433-966B-931FF2919A47}"
EndProject
Global
	GlobalSection(SolutionConfigurationPlatforms) = preSolution
		Debug|Any CPU = Debug|Any CPU
		Release|Any CPU = Release|Any CPU
	EndGlobalSection
	GlobalSection(ProjectConfigurationPlatforms) = postSolution
		{8F1AE1BD-3C49-4433-966B-931FF2919A47}.Debug|Any CPU.ActiveCfg = Debug|Any CPU
		{8F1AE1BD-3C49-4433-966B-931FF2919A47}.Debug|Any CPU.Build.0 = Debug|Any CPU
		{8F1AE1BD-3C49-4433-966B-931FF2919A47}.Release|Any CPU.ActiveCfg = Release|Any CPU
		{8F1AE1BD-3C49-4433-966B-931FF2919A47}.Release|Any CPU.Build.0 = Release|Any CPU
	EndGlobalSection
	GlobalSection(SolutionProperties) = preSolution
		HideSolutionNode = FALSE
	EndGlobalSection
	GlobalSection(ExtensibilityGlobals) = postSolution
		SolutionGuid = {1BD15934-9B62-4B2A-98BB-0491ABA53448}
	EndGlobalSection
EndGlobal
